
Microsoft Visual Studio Solution File, Format Version 12.00
# Visual Studio Version 17
VisualStudioVersion = 17.4.33015.44
MinimumVisualStudioVersion = 10.0.40219.1
Project("{FAE04EC0-301F-11D3-BF4B-00C04F79EFBC}") = "PadiScanner.Triggers", "PadiScanner.Triggers\PadiScanner.Triggers.csproj", "{E35AC760-AB20-4ED1-BADD-762CE78722FA}"
EndProject
Global
	GlobalSection(SolutionConfigurationPlatforms) = preSolution
		Debug|Any CPU = Debug|Any CPU
		Release|Any CPU = Release|Any CPU
	EndGlobalSection
	GlobalSection(ProjectConfigurationPlatforms) = postSolution
		{E35AC760-AB20-4ED1-BADD-762CE78722FA}.Debug|Any CPU.ActiveCfg = Debug|Any CPU
		{E35AC760-AB20-4ED1-BADD-762CE78722FA}.Debug|Any CPU.Build.0 = Debug|Any CPU
		{E35AC760-AB20-4ED1-BADD-762CE78722FA}.Release|Any CPU.ActiveCfg = Release|Any CPU
		{E35AC760-AB20-4ED1-BADD-762CE78722FA}.Release|Any CPU.Build.0 = Release|Any CPU
	EndGlobalSection
	GlobalSection(SolutionProperties) = preSolution
		HideSolutionNode = FALSE
	EndGlobalSection
	GlobalSection(ExtensibilityGlobals) = postSolution
		SolutionGuid = {3D650E56-511F-41A5-8F84-D332293B4434}
	EndGlobalSection
EndGlobal
